<?xml version="1.0" encoding="utf-8"?>
<Project ToolsVersion="4.0" xmlns="http://schemas.microsoft.com/developer/msbuild/2003">
  <ItemGroup>
    <ClCompile Include="CppDbgExt.cpp" />
    <ClCompile Include="sdk\engextcpp.cpp">
      <Filter>sdk</Filter>
    </ClCompile>
  </ItemGroup>
  <ItemGroup>
    <ClInclude Include="sdk\engextcpp.hpp">
      <Filter>sdk</Filter>
    </ClInclude>
    <ClInclude Include="sdk\extsfns.h">
      <Filter>sdk</Filter>
    </ClInclude>
    <ClInclude Include="sdk\wdbgexts.h">
      <Filter>sdk</Filter>
    </ClInclude>
    <ClInclude Include="sdk\dbghelp.h">
      <Filter>sdk</Filter>
    </ClInclude>
    <ClInclude Include="sdk\dbgeng.h">
      <Filter>sdk</Filter>
    </ClInclude>
  </ItemGroup>
  <ItemGroup>
    <None Include="CppDbgExt.def" />
  </ItemGroup>
  <ItemGroup>
    <Filter Include="sdk">
      <UniqueIdentifier>{0a23809c-71b6-474d-a829-375373287866}</UniqueIdentifier>
    </Filter>
  </ItemGroup>
</Project>